github.com/ETCDEVTeam/sputnikvm-ffi v0.0.0-20180717133302-67fde4837870/go.mod h1:HuWl3i+3gtLNmZEOrJ/IQP5dmM8InrUHb3aqLHB35xA=
github.com/Gustav-Simonsson/go-opencl v0.0.0-20150630110553-593e01cfc4f3/go.mod h1:+7N4vwbSjpg1HDPzx9wSCpxfxJZSny6JfbfRQ55/Yn4=
github.com/boltdb/bolt v1.3.1 h1:JQmyP4ZBrce+ZQu0dY660FMfatumYDLun9hBCUVIkF4=
github.com/boltdb/bolt v1.3.1/go.mod h1:clJnj/oiGkjum5o1McbSZDSLxVThjynRyGBgiAx27Ps=
github.com/davecgh/go-spew v1.1.0 h1:ZDRjVQ15GmhC3fiQ8ni8+OwkZQO4DARzQgrnXU1Liz8=
github.com/davecgh/go-spew v1.1.0/go.mod h1:J7Y8YcW2NihsgmVo/mv3lAwl/skON4iLHjSsI+c5H38=
github.com/denisbrodbeck/machineid v0.8.0 h1:RLNt/ZG4IHF3Q0JS5oDITRmiEYgddmEkTO5dOa06d0U=
github.com/denisbrodbeck/machineid v0.8.0/go.mod h1:dJUwb7PTidGDeYyUBmXZ2GphQBbjJCrnectwCyxcUSI=
github.com/eth-classic/benchmark v0.0.0-20180113190147-8eff34efba25 h1:fhk84I0e5uSqeoSQFFETsz4sgsG2a82X7REa9IQUDP0=
github.com/eth-classic/benchmark v0.0.0-20180113190147-8eff34efba25/go.mod h1:/HC5hx0QxBbuFLsGiesBHuu8bAvHcGHA6ELxY8UCwBE=
github.com/eth-classic/ethash v0.0.0-20180109211943-65a5b25efc27 h1:/CHjKePWjuymJYylO29FUmBpdNT7LIAs2ukIkt0qZLM=
github.com/eth-classic/ethash v0.0.0-20180109211943-65a5b25efc27/go.mod h1:W/nJfwtfsIfe4wL6cn4/MB251HfunQ+2YspZFvQ1lXA=
github.com/ethereumproject/benchmark v0.0.0-20180113190147-8eff34efba25 h1:ZEfDopMiJCB3BiA90t9tMTx4WQtC0PpB4NheR0aqDzU=
github.com/ethereumproject/benchmark v0.0.0-20180113190147-8eff34efba25/go.mod h1:YiSza/iCwF4jZK5euftNHCef3jwbxZAw5pogH05EuDg=
github.com/ethereumproject/go-ethereum v5.5.2+incompatible h1:+nu/jdaQPAaRznqn3k68+ZtU21+MJMmtOYOT0w19aBU=
github.com/ethereumproject/go-ethereum v5.5.2+incompatible/go.mod h1:jjkgFD4EpU8cN6fQZIg0jbY/gYNHjeFOmHurvDOsqyw=
github.com/fatih/color v1.7.0 h1:DkWD4oS2D8LGGgTQ6IvwJJXSL5Vp2ffcQg58nFV38Ys=
github.com/fatih/color v1.7.0/go.mod h1:Zm6kSWBoL9eyXnKyktHP6abPY2pDugNf5KwzbycvMj4=
github.com/gizak/termui v2.2.0+incompatible h1:qvZU9Xll/Xd/Xr/YO+HfBKXhy8a8/94ao6vV9DSXzUE=
github.com/gizak/termui v2.2.0+incompatible/go.mod h1:PkJoWUt/zacQKysNfQtcw1RW+eK2SxkieVBtl+4ovLA=
github.com/golang/snappy v0.0.0-20170215233205-553a64147049 h1:K9KHZbXKpGydfDN0aZrsoHpLJlZsBrGMFWbgLDGnPZk=
github.com/golang/snappy v0.0.0-20170215233205-553a64147049/go.mod h1:/XxbfmMg8lxefKM7IXC3fBNl/7bRcc72aCRzEWrmP2Q=
github.com/hashicorp/golang-lru v0.0.0-20160813221303-0a025b7e63ad h1:eMxs9EL0PvIGS9TTtxg4R+JxuPGav82J8rA+GFnY7po=
github.com/hashicorp/golang-lru v0.0.0-20160813221303-0a025b7e63ad/go.mod h1:/m3WP610KZHVQ1SGc6re/UDhFvYD7pJ4Ao+sR/qLZy8=
github.com/huin/goupnp v0.0.0-20171109214107-dceda08e705b h1:mvnS3LbcRgdM4nBLksEjecaLvASuBsg1mIJHc0l22iI=
github.com/huin/goupnp v0.0.0-20171109214107-dceda08e705b/go.mod h1:MZ2ZmwcBpvOoJ22IJsc7va19ZwoheaBk43rKg12SKag=
github.com/ianlancetaylor/demangle v0.0.0-20160927191359-4883227f6637 h1:AG37OW6a1hgamhQnbdiSOnuzyAccMIgH1/YfW42hdPc=
github.com/ianlancetaylor/demangle v0.0.0-20160927191359-4883227f6637/go.mod h1:aSSvb/t6k1mPoxDqO4vJh6VOCGPwU4O0C2/Eqndh1Sc=
github.com/jackpal/go-nat-pmp v1.0.1 h1:i0LektDkO1QlrTm/cSuP+PyBCDnYvjPLGl4LdWEMiaA=
github.com/jackpal/go-nat-pmp v1.0.1/go.mod h1:QPH045xvCAeXUZOxsnwmrtiCoxIr9eob+4orBN1SBKc=
github.com/mailru/easyjson v0.0.0-20171120080333-32fa128f234d h1:bM4HYnlVXPgUKmzl7o3drEaVfOk+sTBiADAQOWjU+8I=
github.com/mailru/easyjson v0.0.0-20171120080333-32fa128f234d/go.mod h1:C1wdFJiN94OJF2b5HbByQZoLdCWB1Yqtg26g4irojpc=
github.com/maruel/panicparse v1.0.2 h1:dTqB9K2WSvu6JoCQSqSJhNgnir3AA64OHX+jNp4kFNg=
github.com/maruel/panicparse v1.0.2/go.mod h1:nty42YY5QByNC5MM7q/nj938VbgPU7avs45z6NClpxI=
github.com/mattn/go-colorable v0.0.9 h1:UVL0vNpWh04HeJXV0KLcaT7r06gOH2l4OW6ddYRUIY4=
github.com/mattn/go-colorable v0.0.9/go.mod h1:9vuHe8Xs5qXnSaW/c/ABM9alt+Vo+STaOChaDxuIBZU=
github.com/mattn/go-isatty v0.0.3 h1:ns/ykhmWi7G9O+8a448SecJU3nSMBXJfqQkl0upE1jI=
github.com/mattn/go-isatty v0.0.3/go.mod h1:M+lRXTBqGeGNdLjl/ufCoiOlB5xdOkqRJdNxMWT7Zi4=
github.com/mattn/go-runewidth v0.0.2 h1:UnlwIPBGaTZfPQ6T1IGzPI0EkYAQmT9fAEJ/poFC63o=
github.com/mattn/go-runewidth v0.0.2/go.mod h1:LwmH8dsx7+W8Uxz3IHJYH5QSwggIsqBzpuz5H//U1FU=
github.com/microsoft/go-winio v0.4.5/go.mod h1:kcIxxtKZE55DEncT/EOvFiygPobhUWpSDqDb47poQOU=
github.com/mitchellh/go-wordwrap v0.0.0-20150314170334-ad45545899c7 h1:DpOJ2HYzCv8LZP15IdmG+YdwD2luVPHITV96TkirNBM=
github.com/mitchellh/go-wordwrap v0.0.0-20150314170334-ad45545899c7/go.mod h1:ZXFpozHsX6DPmq2I0TCekCxypsnAUbP2oI0UX1GXzOo=
github.com/nsf/termbox-go v0.0.0-20171104162316-aa4a75b1c20a h1:USZ2AkITyiH9LzgIrssF9S5mRQhbRvvTkAFlJHiWmfg=
github.com/nsf/termbox-go v0.0.0-20171104162316-aa4a75b1c20a/go.mod h1:IuKpRQcYE1Tfu+oAQqaLisqDeXgjyyltCfsaoYN18NQ=
github.com/peterh/liner v0.0.0-20171122030339-3681c2a91233 h1:NDzr6YE+7STPJRyO2eNxjduDVU2oWYn/J06tSR5uY7w=
github.com/peterh/liner v0.0.0-20171122030339-3681c2a91233/go.mod h1:xIteQHvHuaLYG9IFj6mSxM0fCKrs34IrEQUhOYuGPHc=
github.com/pmezard/go-difflib v1.0.0 h1:4DBwDE0NGyQoBHbLQYPwSUPoCMWR5BEzIk/f1lZbAQM=
github.com/pmezard/go-difflib v1.0.0/go.mod h1:iKH77koFhYxTK1pcRnkKkqfTogsbg7gZNVY4sRDYZ/4=
github.com/rcrowley/go-metrics v0.0.0-20171128170426-e181e095bae9 h1:jmLW6izPBVlIbk4d+XgK9+sChGbVKxxOPmd9eqRHCjw=
github.com/rcrowley/go-metrics v0.0.0-20171128170426-e181e095bae9/go.mod h1:bCqnVzQkZxMG4s8nGwiZ5l3QUCyqpo9Y+/ZMZ9VjZe4=
github.com/rjeczalik/notify v0.9.1 h1:CLCKso/QK1snAlnhNR/CNvNiFU2saUtjV0bx3EwNeCE=
github.com/rjeczalik/notify v0.9.1/go.mod h1:rKwnCoCGeuQnwBtTSPL9Dad03Vh2n40ePRrjvIXnJho=
github.com/robertkrimen/otto v0.0.0-20171130103205-3b44b4dcb6c0 h1:5RhOP2qFOTBwBzvlMm3ehEbaJaq32CH9pXfTMcvzV3s=
github.com/robertkrimen/otto v0.0.0-20171130103205-3b44b4dcb6c0/go.mod h1:xvqspoSXJTIpemEonrMDFq6XzwHYYgToXWj5eRX1OtY=
github.com/rs/cors v0.0.0-20170727213201-7af7a1e09ba3 h1:86ukAHRTa2CXdBnWJHcjjPPGTyLGEF488OFRsbBAuFs=
github.com/rs/cors v0.0.0-20170727213201-7af7a1e09ba3/go.mod h1:gFx+x8UowdsKA9AchylcLynDq+nNFfI8FkUZdN/jGCU=
github.com/spf13/afero v1.1.0 h1:bopulORc2JeYaxfHLvJa5NzxviA9PoWhpiiJkru7Ji4=
github.com/spf13/afero v1.1.0/go.mod h1:j4pytiNVoe2o6bmDsKpLACNPDBIoEAkihy7loJ1B0CQ=
github.com/stretchr/objx v0.1.0/go.mod h1:HFkY916IF+rwdDfMAkV7OtwuqBVzrE8GR6GFx+wExME=
github.com/stretchr/testify v1.3.0 h1:TivCn/peBQ7UY8ooIcPgZFpTNSz0Q2U6UrFlUfqbe0Q=
github.com/stretchr/testify v1.3.0/go.mod h1:M5WIy9Dh21IEIfnGCwXGc5bZfKNJtfHm1UVUgZn+9EI=
github.com/syndtr/goleveldb v0.0.0-20171214120811-34011bf325bc h1:yhWARKbbDg8UBRi/M5bVcVOBg2viFKcNJEAtHMYbRBo=
github.com/syndtr/goleveldb v0.0.0-20171214120811-34011bf325bc/go.mod h1:Z4AUp2Km+PwemOoO/VB5AOx9XSsIItzFjoJlOSiYmn0=
golang.org/x/crypto v0.0.0-20171219041129-d585fd2cc919 h1:qFAJ1NcSrOkLdaMbN6OmWeqHdp0aFZy7uWOdL/5ddnU=
golang.org/x/crypto v0.0.0-20171219041129-d585fd2cc919/go.mod h1:6SG95UA2DQfeDnfUPMdvaQW0Q7yPrPDi9nlGo2tz2b4=
golang.org/x/net v0.0.0-20171212005608-d866cfc389ce h1:4g3VPcb++AP2cNa6CQ0iACUoH7J/3Jxojq0mmJun9A4=
golang.org/x/net v0.0.0-20171212005608-d866cfc389ce/go.mod h1:mL1N/T3taQHkDXs73rZJwtUhF3w3ftmwwsq0BUmARs4=
golang.org/x/sys v0.0.0-20171222143536-83801418e1b5 h1:2k9P7RP0OBdZAif5o4fN+SddnLEnUa2d8nHJnE45SOE=
golang.org/x/sys v0.0.0-20171222143536-83801418e1b5/go.mod h1:STP8DvDyc/dI5b8T5hshtkjS+E42TnysNCUPdjciGhY=
golang.org/x/sys v0.0.0-20190402142545-baf5eb976a8c h1:3xiKTkef8QqBJ8q+4fVUDMRoxnI0H/MVNFswa+aExbo=
golang.org/x/sys v0.0.0-20190402142545-baf5eb976a8c/go.mod h1:h1NjWce9XRLGQEsW7wpKNCjG9DtNlClVuFLEZdDNbEs=
golang.org/x/text v0.0.0-20171227012246-e19ae1496984 h1:ulYJn/BqO4fMRe1xAQzWjokgjsQLPpb21GltxXHI3fQ=
golang.org/x/text v0.0.0-20171227012246-e19ae1496984/go.mod h1:NqM8EUOU14njkJ3fqMW+pc6Ldnwhi/IjpwHt7yyuwOQ=
golang.org/x/tools v0.0.0-20171226195143-b451b9aaee4d h1:F2j3B3bF/kFhgdmiO22EkyqSpSa9qaMlfdchLNy+fUo=
golang.org/x/tools v0.0.0-20171226195143-b451b9aaee4d/go.mod h1:n7NCudcB/nEzxVGmLbDWY5pfWTLqBcC2KZ6jyYvM4mQ=
gopkg.in/check.v1 v1.0.0-20161208181325-20d25e280405 h1:829vOVxxusYHC+IqBtkX5mbKtsY9fheQiQn0MZRVLfQ=
gopkg.in/check.v1 v1.0.0-20161208181325-20d25e280405/go.mod h1:Co6ibVJAznAaIkqp8huTwlJQCZ016jof/cbN4VW5Yz0=
gopkg.in/fatih/set.v0 v0.1.0 h1:aaCY9PUgkH430Tl9sN6N5FqNeEfGgmPnGlY0r9WYZAE=
gopkg.in/fatih/set.v0 v0.1.0/go.mod h1:5eLWEndGL4zGGemXWrKuts+wTJR0y+w+auqUJZbmyBg=
gopkg.in/karalabe/cookiejar.v2 v2.0.0-20150724131613-8dcd6a7f4951 h1:DMTcQRFbEH62YPRWwOI647s2e5mHda3oBPMHfrLs2bw=
gopkg.in/karalabe/cookiejar.v2 v2.0.0-20150724131613-8dcd6a7f4951/go.mod h1:owOxCRGGeAx1uugABik6K9oeNu1cgxP/R9ItzLDxNWA=
gopkg.in/sourcemap.v1 v1.0.5 h1:inv58fC9f9J3TK2Y2R1NPntXEn3/wjWHkonhIUODNTI=
gopkg.in/sourcemap.v1 v1.0.5/go.mod h1:2RlvNNSMglmRrcvhfuzp4hQHwOtjxlbjX7UPY/GXb78=
gopkg.in/urfave/cli.v1 v1.17.0 h1:PuvzS+NtlnLBSZ6tKY6us1aeLkCZGlpg1bEIsSmIqxk=
gopkg.in/urfave/cli.v1 v1.17.0/go.mod h1:vuBzUtMdQeixQj8LVd+/98pzhxNGQoyuPBlsXHOQNO0=
